// !$*UTF8*$!
{
	archiveVersion = 1;
	classes = {
	};
	objectVersion = 46;
	objects = {

/* Begin PBXBuildFile section */
		30dc4f2f4cd756abbb929f09 /* InfoPlist.strings in Resources */ = {isa = PBXBuildFile; fileRef = 4FA4192A1794032300A9E540 /* InfoPlist.strings */; };
		340f03dea5d059a87c1a2b86 /* Default@2x.png in Resources */ = {isa = PBXBuildFile; fileRef = 4FA419351794032400A9E540 /* Default@2x.png */; };
		4FA419221794032300A9E540 /* UIKit.framework in Frameworks */ = {isa = PBXBuildFile; fileRef = 4FA419211794032300A9E540 /* UIKit.framework */; };
		4FA419241794032300A9E540 /* Foundation.framework in Frameworks */ = {isa = PBXBuildFile; fileRef = 4FA419231794032300A9E540 /* Foundation.framework */; };
		4FA419261794032300A9E540 /* CoreGraphics.framework in Frameworks */ = {isa = PBXBuildFile; fileRef = 4FA419251794032300A9E540 /* CoreGraphics.framework */; };
		4FA4192C1794032300A9E540 /* InfoPlist.strings in Resources */ = {isa = PBXBuildFile; fileRef = 4FA4192A1794032300A9E540 /* InfoPlist.strings */; };
		4FA4192E1794032300A9E540 /* main.m in Sources */ = {isa = PBXBuildFile; fileRef = 4FA4192D1794032300A9E540 /* main.m */; };
		4FA419321794032400A9E540 /* CBAppDelegate.m in Sources */ = {isa = PBXBuildFile; fileRef = 4FA419311794032400A9E540 /* CBAppDelegate.m */; };
		4FA419341794032400A9E540 /* Default.png in Resources */ = {isa = PBXBuildFile; fileRef = 4FA419331794032400A9E540 /* Default.png */; };
		4FA419361794032400A9E540 /* Default@2x.png in Resources */ = {isa = PBXBuildFile; fileRef = 4FA419351794032400A9E540 /* Default@2x.png */; };
		4FA419381794032400A9E540 /* Default-568h@2x.png in Resources */ = {isa = PBXBuildFile; fileRef = 4FA419371794032400A9E540 /* Default-568h@2x.png */; };
		4FA4193B1794032400A9E540 /* MainStoryboard.storyboard in Resources */ = {isa = PBXBuildFile; fileRef = 4FA419391794032400A9E540 /* MainStoryboard.storyboard */; };
		4FA4193E1794032400A9E540 /* CBViewController.m in Sources */ = {isa = PBXBuildFile; fileRef = 4FA4193D1794032400A9E540 /* CBViewController.m */; };
		4FA419461794032400A9E540 /* SenTestingKit.framework in Frameworks */ = {isa = PBXBuildFile; fileRef = 4FA419451794032400A9E540 /* SenTestingKit.framework */; };
		4FA419471794032400A9E540 /* UIKit.framework in Frameworks */ = {isa = PBXBuildFile; fileRef = 4FA419211794032300A9E540 /* UIKit.framework */; };
		4FA419481794032400A9E540 /* Foundation.framework in Frameworks */ = {isa = PBXBuildFile; fileRef = 4FA419231794032300A9E540 /* Foundation.framework */; };
		4FA419501794032400A9E540 /* InfoPlist.strings in Resources */ = {isa = PBXBuildFile; fileRef = 4FA4194E1794032400A9E540 /* InfoPlist.strings */; };
		4FA419531794032400A9E540 /* CalabashExampleTests.m in Sources */ = {isa = PBXBuildFile; fileRef = 4FA419521794032400A9E540 /* CalabashExampleTests.m */; };
		7c73866ef06b4668aaac0cf5 /* Default-568h@2x.png in Resources */ = {isa = PBXBuildFile; fileRef = 4FA419371794032400A9E540 /* Default-568h@2x.png */; };
		85611cf378e06e862864ad0d /* CBAppDelegate.m in Sources */ = {isa = PBXBuildFile; fileRef = 4FA419311794032400A9E540 /* CBAppDelegate.m */; };
		8c78cf4e24b1ae60844a3ada /* Default.png in Resources */ = {isa = PBXBuildFile; fileRef = 4FA419331794032400A9E540 /* Default.png */; };
		95846ac0d2c7c8722a60d5e7 /* main.m in Sources */ = {isa = PBXBuildFile; fileRef = 4FA4192D1794032300A9E540 /* main.m */; };
		b2d355ef49aaee6287bebe67 /* calabash.framework in Frameworks */ = {isa = PBXBuildFile; fileRef = 649f365c55c65ca947541a68 /* calabash.framework */; };
		bb229a4ae59aa5991142a57a /* Foundation.framework in Frameworks */ = {isa = PBXBuildFile; fileRef = 4FA419231794032300A9E540 /* Foundation.framework */; };
		c1108f88c26f754e548b3ff6 /* CBViewController.m in Sources */ = {isa = PBXBuildFile; fileRef = 4FA4193D1794032400A9E540 /* CBViewController.m */; };
		c9c794e5f7ebb3cb900d3232 /* UIKit.framework in Frameworks */ = {isa = PBXBuildFile; fileRef = 4FA419211794032300A9E540 /* UIKit.framework */; };
		d25943ef3323509a1b8b71b8 /* CoreGraphics.framework in Frameworks */ = {isa = PBXBuildFile; fileRef = 4FA419251794032300A9E540 /* CoreGraphics.framework */; };
		f2c2f1bf341a45bfb94cd2fe /* CFNetwork.framework in Frameworks */ = {isa = PBXBuildFile; fileRef = 929db149a71542c6716d042a /* CFNetwork.framework */; };
		fac816eeb054af692be1200d /* MainStoryboard.storyboard in Resources */ = {isa = PBXBuildFile; fileRef = 4FA419391794032400A9E540 /* MainStoryboard.storyboard */; };
/* End PBXBuildFile section */

/* Begin PBXContainerItemProxy section */
		4FA419491794032400A9E540 /* PBXContainerItemProxy */ = {
			isa = PBXContainerItemProxy;
			containerPortal = 4FA419161794032300A9E540 /* Project object */;
			proxyType = 1;
			remoteGlobalIDString = 4FA4191D1794032300A9E540;
			remoteInfo = CalabashExample;
		};
/* End PBXContainerItemProxy section */

/* Begin PBXFileReference section */
		4F8AB17517941D1C00AC5906 /* CalabashExample-cal.app */ = {isa = PBXFileReference; explicitFileType = wrapper.application; includeInIndex = 0; path = "CalabashExample-cal.app"; sourceTree = BUILT_PRODUCTS_DIR; };
		4FA4191E1794032300A9E540 /* CalabashExample.app */ = {isa = PBXFileReference; explicitFileType = wrapper.application; includeInIndex = 0; path = CalabashExample.app; sourceTree = BUILT_PRODUCTS_DIR; };
		4FA419211794032300A9E540 /* UIKit.framework */ = {isa = PBXFileReference; lastKnownFileType = wrapper.framework; name = UIKit.framework; path = System/Library/Frameworks/UIKit.framework; sourceTree = SDKROOT; };
		4FA419231794032300A9E540 /* Foundation.framework */ = {isa = PBXFileReference; lastKnownFileType = wrapper.framework; name = Foundation.framework; path = System/Library/Frameworks/Foundation.framework; sourceTree = SDKROOT; };
		4FA419251794032300A9E540 /* CoreGraphics.framework */ = {isa = PBXFileReference; lastKnownFileType = wrapper.framework; name = CoreGraphics.framework; path = System/Library/Frameworks/CoreGraphics.framework; sourceTree = SDKROOT; };
		4FA419291794032300A9E540 /* CalabashExample-Info.plist */ = {isa = PBXFileReference; lastKnownFileType = text.plist.xml; path = "CalabashExample-Info.plist"; sourceTree = "<group>"; };
		4FA4192B1794032300A9E540 /* en */ = {isa = PBXFileReference; lastKnownFileType = text.plist.strings; name = en; path = en.lproj/InfoPlist.strings; sourceTree = "<group>"; };
		4FA4192D1794032300A9E540 /* main.m */ = {isa = PBXFileReference; lastKnownFileType = sourcecode.c.objc; path = main.m; sourceTree = "<group>"; };
		4FA4192F1794032300A9E540 /* CalabashExample-Prefix.pch */ = {isa = PBXFileReference; lastKnownFileType = sourcecode.c.h; path = "CalabashExample-Prefix.pch"; sourceTree = "<group>"; };
		4FA419301794032300A9E540 /* CBAppDelegate.h */ = {isa = PBXFileReference; lastKnownFileType = sourcecode.c.h; path = CBAppDelegate.h; sourceTree = "<group>"; };
		4FA419311794032400A9E540 /* CBAppDelegate.m */ = {isa = PBXFileReference; lastKnownFileType = sourcecode.c.objc; path = CBAppDelegate.m; sourceTree = "<group>"; };
		4FA419331794032400A9E540 /* Default.png */ = {isa = PBXFileReference; lastKnownFileType = image.png; path = Default.png; sourceTree = "<group>"; };
		4FA419351794032400A9E540 /* Default@2x.png */ = {isa = PBXFileReference; lastKnownFileType = image.png; path = "Default@2x.png"; sourceTree = "<group>"; };
		4FA419371794032400A9E540 /* Default-568h@2x.png */ = {isa = PBXFileReference; lastKnownFileType = image.png; path = "Default-568h@2x.png"; sourceTree = "<group>"; };
		4FA4193A1794032400A9E540 /* en */ = {isa = PBXFileReference; lastKnownFileType = file.storyboard; name = en; path = en.lproj/MainStoryboard.storyboard; sourceTree = "<group>"; };
		4FA4193C1794032400A9E540 /* CBViewController.h */ = {isa = PBXFileReference; lastKnownFileType = sourcecode.c.h; path = CBViewController.h; sourceTree = "<group>"; };
		4FA4193D1794032400A9E540 /* CBViewController.m */ = {isa = PBXFileReference; lastKnownFileType = sourcecode.c.objc; path = CBViewController.m; sourceTree = "<group>"; };
		4FA419441794032400A9E540 /* CalabashExampleTests.octest */ = {isa = PBXFileReference; explicitFileType = wrapper.cfbundle; includeInIndex = 0; path = CalabashExampleTests.octest; sourceTree = BUILT_PRODUCTS_DIR; };
		4FA419451794032400A9E540 /* SenTestingKit.framework */ = {isa = PBXFileReference; lastKnownFileType = wrapper.framework; name = SenTestingKit.framework; path = Library/Frameworks/SenTestingKit.framework; sourceTree = DEVELOPER_DIR; };
		4FA4194D1794032400A9E540 /* CalabashExampleTests-Info.plist */ = {isa = PBXFileReference; lastKnownFileType = text.plist.xml; path = "CalabashExampleTests-Info.plist"; sourceTree = "<group>"; };
		4FA4194F1794032400A9E540 /* en */ = {isa = PBXFileReference; lastKnownFileType = text.plist.strings; name = en; path = en.lproj/InfoPlist.strings; sourceTree = "<group>"; };
		4FA419511794032400A9E540 /* CalabashExampleTests.h */ = {isa = PBXFileReference; lastKnownFileType = sourcecode.c.h; path = CalabashExampleTests.h; sourceTree = "<group>"; };
		4FA419521794032400A9E540 /* CalabashExampleTests.m */ = {isa = PBXFileReference; lastKnownFileType = sourcecode.c.objc; path = CalabashExampleTests.m; sourceTree = "<group>"; };
		649f365c55c65ca947541a68 /* calabash.framework */ = {isa = PBXFileReference; fileEncoding = 4; lastKnownFileType = wrapper.framework; path = calabash.framework; sourceTree = "<group>"; };
		929db149a71542c6716d042a /* CFNetwork.framework */ = {isa = PBXFileReference; fileEncoding = 4; lastKnownFileType = wrapper.framework; name = CFNetwork.framework; path = System/Library/Frameworks/CFNetwork.framework; sourceTree = SDKROOT; };
/* End PBXFileReference section */

/* Begin PBXFrameworksBuildPhase section */
		4FA4191B1794032300A9E540 /* Frameworks */ = {
			isa = PBXFrameworksBuildPhase;
			buildActionMask = 2147483647;
			files = (
				4FA419221794032300A9E540 /* UIKit.framework in Frameworks */,
				4FA419241794032300A9E540 /* Foundation.framework in Frameworks */,
				4FA419261794032300A9E540 /* CoreGraphics.framework in Frameworks */,
			);
			runOnlyForDeploymentPostprocessing = 0;
		};
		4FA419401794032400A9E540 /* Frameworks */ = {
			isa = PBXFrameworksBuildPhase;
			buildActionMask = 2147483647;
			files = (
				4FA419461794032400A9E540 /* SenTestingKit.framework in Frameworks */,
				4FA419471794032400A9E540 /* UIKit.framework in Frameworks */,
				4FA419481794032400A9E540 /* Foundation.framework in Frameworks */,
			);
			runOnlyForDeploymentPostprocessing = 0;
		};
		baabc8169f7766b05c4bb032 /* Frameworks */ = {
			isa = PBXFrameworksBuildPhase;
			buildActionMask = 2147483647;
			files = (
				c9c794e5f7ebb3cb900d3232 /* UIKit.framework in Frameworks */,
				bb229a4ae59aa5991142a57a /* Foundation.framework in Frameworks */,
				d25943ef3323509a1b8b71b8 /* CoreGraphics.framework in Frameworks */,
				f2c2f1bf341a45bfb94cd2fe /* CFNetwork.framework in Frameworks */,
				b2d355ef49aaee6287bebe67 /* calabash.framework in Frameworks */,
			);
			runOnlyForDeploymentPostprocessing = 0;
		};
/* End PBXFrameworksBuildPhase section */

/* Begin PBXGroup section */
		4FA419151794032300A9E540 = {
			isa = PBXGroup;
			children = (
				4FA419271794032300A9E540 /* CalabashExample */,
				4FA4194B1794032400A9E540 /* CalabashExampleTests */,
				4FA419201794032300A9E540 /* Frameworks */,
				4FA4191F1794032300A9E540 /* Products */,
			);
			sourceTree = "<group>";
		};
		4FA4191F1794032300A9E540 /* Products */ = {
			isa = PBXGroup;
			children = (
				4FA4191E1794032300A9E540 /* CalabashExample.app */,
				4FA419441794032400A9E540 /* CalabashExampleTests.octest */,
				4F8AB17517941D1C00AC5906 /* CalabashExample-cal.app */,
			);
			name = Products;
			sourceTree = "<group>";
		};
		4FA419201794032300A9E540 /* Frameworks */ = {
			isa = PBXGroup;
			children = (
				4FA419211794032300A9E540 /* UIKit.framework */,
				4FA419231794032300A9E540 /* Foundation.framework */,
				4FA419251794032300A9E540 /* CoreGraphics.framework */,
				4FA419451794032400A9E540 /* SenTestingKit.framework */,
				929db149a71542c6716d042a /* CFNetwork.framework */,
				649f365c55c65ca947541a68 /* calabash.framework */,
			);
			name = Frameworks;
			sourceTree = "<group>";
		};
		4FA419271794032300A9E540 /* CalabashExample */ = {
			isa = PBXGroup;
			children = (
				4FA419301794032300A9E540 /* CBAppDelegate.h */,
				4FA419311794032400A9E540 /* CBAppDelegate.m */,
				4FA419391794032400A9E540 /* MainStoryboard.storyboard */,
				4FA4193C1794032400A9E540 /* CBViewController.h */,
				4FA4193D1794032400A9E540 /* CBViewController.m */,
				4FA419281794032300A9E540 /* Supporting Files */,
			);
			path = CalabashExample;
			sourceTree = "<group>";
		};
		4FA419281794032300A9E540 /* Supporting Files */ = {
			isa = PBXGroup;
			children = (
				4FA419291794032300A9E540 /* CalabashExample-Info.plist */,
				4FA4192A1794032300A9E540 /* InfoPlist.strings */,
				4FA4192D1794032300A9E540 /* main.m */,
				4FA4192F1794032300A9E540 /* CalabashExample-Prefix.pch */,
				4FA419331794032400A9E540 /* Default.png */,
				4FA419351794032400A9E540 /* Default@2x.png */,
				4FA419371794032400A9E540 /* Default-568h@2x.png */,
			);
			name = "Supporting Files";
			sourceTree = "<group>";
		};
		4FA4194B1794032400A9E540 /* CalabashExampleTests */ = {
			isa = PBXGroup;
			children = (
				4FA419511794032400A9E540 /* CalabashExampleTests.h */,
				4FA419521794032400A9E540 /* CalabashExampleTests.m */,
				4FA4194C1794032400A9E540 /* Supporting Files */,
			);
			path = CalabashExampleTests;
			sourceTree = "<group>";
		};
		4FA4194C1794032400A9E540 /* Supporting Files */ = {
			isa = PBXGroup;
			children = (
				4FA4194D1794032400A9E540 /* CalabashExampleTests-Info.plist */,
				4FA4194E1794032400A9E540 /* InfoPlist.strings */,
			);
			name = "Supporting Files";
			sourceTree = "<group>";
		};
/* End PBXGroup section */

/* Begin PBXNativeTarget section */
		4FA4191D1794032300A9E540 /* CalabashExample */ = {
			isa = PBXNativeTarget;
			buildConfigurationList = 4FA419561794032400A9E540 /* Build configuration list for PBXNativeTarget "CalabashExample" */;
			buildPhases = (
				4FA4191A1794032300A9E540 /* Sources */,
				4FA4191B1794032300A9E540 /* Frameworks */,
				4FA4191C1794032300A9E540 /* Resources */,
			);
			buildRules = (
			);
			dependencies = (
			);
			name = CalabashExample;
			productName = CalabashExample;
			productReference = 4FA4191E1794032300A9E540 /* CalabashExample.app */;
			productType = "com.apple.product-type.application";
		};
		4FA419431794032400A9E540 /* CalabashExampleTests */ = {
			isa = PBXNativeTarget;
			buildConfigurationList = 4FA419591794032400A9E540 /* Build configuration list for PBXNativeTarget "CalabashExampleTests" */;
			buildPhases = (
				4FA4193F1794032400A9E540 /* Sources */,
				4FA419401794032400A9E540 /* Frameworks */,
				4FA419411794032400A9E540 /* Resources */,
				4FA419421794032400A9E540 /* ShellScript */,
			);
			buildRules = (
			);
			dependencies = (
				4FA4194A1794032400A9E540 /* PBXTargetDependency */,
			);
			name = CalabashExampleTests;
			productName = CalabashExampleTests;
			productReference = 4FA419441794032400A9E540 /* CalabashExampleTests.octest */;
			productType = "com.apple.product-type.bundle";
		};
		8652ffc582bc060cf5ceb977 /* CalabashExample-cal */ = {
			isa = PBXNativeTarget;
			buildConfigurationList = b3ccf1652bc9b7dc632d3e7e /* Build configuration list for PBXNativeTarget "CalabashExample-cal" */;
			buildPhases = (
				d9a32656e2ccb7f58d7ebf54 /* Sources */,
				baabc8169f7766b05c4bb032 /* Frameworks */,
				fc2332ab3c75c9bda1440065 /* Resources */,
			);
			buildRules = (
			);
			dependencies = (
			);
			name = "CalabashExample-cal";
			productName = "CalabashExample-cal";
			productReference = 4F8AB17517941D1C00AC5906 /* CalabashExample-cal.app */;
			productType = "com.apple.product-type.application";
		};
/* End PBXNativeTarget section */

/* Begin PBXProject section */
		4FA419161794032300A9E540 /* Project object */ = {
			isa = PBXProject;
			attributes = {
				CLASSPREFIX = CB;
				LastUpgradeCheck = 0460;
				ORGANIZATIONNAME = EnergizedWork;
			};
			buildConfigurationList = 4FA419191794032300A9E540 /* Build configuration list for PBXProject "CalabashExample" */;
			compatibilityVersion = "Xcode 3.2";
			developmentRegion = English;
			hasScannedForEncodings = 0;
			knownRegions = (
				en,
			);
			mainGroup = 4FA419151794032300A9E540;
			productRefGroup = 4FA4191F1794032300A9E540 /* Products */;
			projectDirPath = "";
			projectRoot = "";
			targets = (
				4FA4191D1794032300A9E540 /* CalabashExample */,
				4FA419431794032400A9E540 /* CalabashExampleTests */,
				8652ffc582bc060cf5ceb977 /* CalabashExample-cal */,
			);
		};
/* End PBXProject section */

/* Begin PBXResourcesBuildPhase section */
		4FA4191C1794032300A9E540 /* Resources */ = {
			isa = PBXResourcesBuildPhase;
			buildActionMask = 2147483647;
			files = (
				4FA4192C1794032300A9E540 /* InfoPlist.strings in Resources */,
				4FA419341794032400A9E540 /* Default.png in Resources */,
				4FA419361794032400A9E540 /* Default@2x.png in Resources */,
				4FA419381794032400A9E540 /* Default-568h@2x.png in Resources */,
				4FA4193B1794032400A9E540 /* MainStoryboard.storyboard in Resources */,
			);
			runOnlyForDeploymentPostprocessing = 0;
		};
		4FA419411794032400A9E540 /* Resources */ = {
			isa = PBXResourcesBuildPhase;
			buildActionMask = 2147483647;
			files = (
				4FA419501794032400A9E540 /* InfoPlist.strings in Resources */,
			);
			runOnlyForDeploymentPostprocessing = 0;
		};
		fc2332ab3c75c9bda1440065 /* Resources */ = {
			isa = PBXResourcesBuildPhase;
			buildActionMask = 2147483647;
			files = (
				30dc4f2f4cd756abbb929f09 /* InfoPlist.strings in Resources */,
				8c78cf4e24b1ae60844a3ada /* Default.png in Resources */,
				340f03dea5d059a87c1a2b86 /* Default@2x.png in Resources */,
				7c73866ef06b4668aaac0cf5 /* Default-568h@2x.png in Resources */,
				fac816eeb054af692be1200d /* MainStoryboard.storyboard in Resources */,
			);
			runOnlyForDeploymentPostprocessing = 0;
		};
/* End PBXResourcesBuildPhase section */

/* Begin PBXShellScriptBuildPhase section */
		4FA419421794032400A9E540 /* ShellScript */ = {
			isa = PBXShellScriptBuildPhase;
			buildActionMask = 2147483647;
			files = (
			);
			inputPaths = (
			);
			outputPaths = (
			);
			runOnlyForDeploymentPostprocessing = 0;
			shellPath = /bin/sh;
			shellScript = "# Run the unit tests in this test bundle.\n\"${SYSTEM_DEVELOPER_DIR}/Tools/RunUnitTests\"\n";
		};
/* End PBXShellScriptBuildPhase section */

/* Begin PBXSourcesBuildPhase section */
		4FA4191A1794032300A9E540 /* Sources */ = {
			isa = PBXSourcesBuildPhase;
			buildActionMask = 2147483647;
			files = (
				4FA4192E1794032300A9E540 /* main.m in Sources */,
				4FA419321794032400A9E540 /* CBAppDelegate.m in Sources */,
				4FA4193E1794032400A9E540 /* CBViewController.m in Sources */,
			);
			runOnlyForDeploymentPostprocessing = 0;
		};
		4FA4193F1794032400A9E540 /* Sources */ = {
			isa = PBXSourcesBuildPhase;
			buildActionMask = 2147483647;
			files = (
				4FA419531794032400A9E540 /* CalabashExampleTests.m in Sources */,
			);
			runOnlyForDeploymentPostprocessing = 0;
		};
		d9a32656e2ccb7f58d7ebf54 /* Sources */ = {
			isa = PBXSourcesBuildPhase;
			buildActionMask = 2147483647;
			files = (
				95846ac0d2c7c8722a60d5e7 /* main.m in Sources */,
				85611cf378e06e862864ad0d /* CBAppDelegate.m in Sources */,
				c1108f88c26f754e548b3ff6 /* CBViewController.m in Sources */,
			);
			runOnlyForDeploymentPostprocessing = 0;
		};
/* End PBXSourcesBuildPhase section */

/* Begin PBXTargetDependency section */
		4FA4194A1794032400A9E540 /* PBXTargetDependency */ = {
			isa = PBXTargetDependency;
			target = 4FA4191D1794032300A9E540 /* CalabashExample */;
			targetProxy = 4FA419491794032400A9E540 /* PBXContainerItemProxy */;
		};
/* End PBXTargetDependency section */

/* Begin PBXVariantGroup section */
		4FA4192A1794032300A9E540 /* InfoPlist.strings */ = {
			isa = PBXVariantGroup;
			children = (
				4FA4192B1794032300A9E540 /* en */,
			);
			name = InfoPlist.strings;
			sourceTree = "<group>";
		};
		4FA419391794032400A9E540 /* MainStoryboard.storyboard */ = {
			isa = PBXVariantGroup;
			children = (
				4FA4193A1794032400A9E540 /* en */,
			);
			name = MainStoryboard.storyboard;
			sourceTree = "<group>";
		};
		4FA4194E1794032400A9E540 /* InfoPlist.strings */ = {
			isa = PBXVariantGroup;
			children = (
				4FA4194F1794032400A9E540 /* en */,
			);
			name = InfoPlist.strings;
			sourceTree = "<group>";
		};
/* End PBXVariantGroup section */

/* Begin XCBuildConfiguration section */
		123065bdea72903e5282c425 /* Release */ = {
			isa = XCBuildConfiguration;
			buildSettings = {
				FRAMEWORK_SEARCH_PATHS = (
					"$(inherited)",
					"\"$(SRCROOT)\"",
				);
				GCC_PRECOMPILE_PREFIX_HEADER = YES;
				GCC_PREFIX_HEADER = "CalabashExample/CalabashExample-Prefix.pch";
				INFOPLIST_FILE = "CalabashExample/CalabashExample-Info.plist";
				OTHER_LDFLAGS = (
					"$(inherited)",
					"-force_load",
					"\"$(SRCROOT)/calabash.framework/calabash\"",
					"-lstdc++",
				);
				PRODUCT_NAME = "$(TARGET_NAME)";
				WRAPPER_EXTENSION = app;
			};
			name = Release;
		};
		462fa2ea230ad111e0ccd3e4 /* Debug */ = {
			isa = XCBuildConfiguration;
			buildSettings = {
				FRAMEWORK_SEARCH_PATHS = (
					"$(inherited)",
					"\"$(SRCROOT)\"",
				);
				GCC_PRECOMPILE_PREFIX_HEADER = YES;
				GCC_PREFIX_HEADER = "CalabashExample/CalabashExample-Prefix.pch";
				INFOPLIST_FILE = "CalabashExample/CalabashExample-Info.plist";
				OTHER_LDFLAGS = (
					"$(inherited)",
					"-force_load",
					"\"$(SRCROOT)/calabash.framework/calabash\"",
					"-lstdc++",
				);
				PRODUCT_NAME = "$(TARGET_NAME)";
				WRAPPER_EXTENSION = app;
			};
			name = Debug;
		};
		4FA419541794032400A9E540 /* Debug */ = {
			isa = XCBuildConfiguration;
			buildSettings = {
				ALWAYS_SEARCH_USER_PATHS = NO;
				CLANG_CXX_LANGUAGE_STANDARD = "gnu++0x";
				CLANG_CXX_LIBRARY = "libc++";
				CLANG_ENABLE_OBJC_ARC = YES;
				CLANG_WARN_CONSTANT_CONVERSION = YES;
				CLANG_WARN_EMPTY_BODY = YES;
				CLANG_WARN_ENUM_CONVERSION = YES;
				CLANG_WARN_INT_CONVERSION = YES;
				CLANG_WARN__DUPLICATE_METHOD_MATCH = YES;
				"CODE_SIGN_IDENTITY[sdk=iphoneos*]" = "iPhone Developer";
				COPY_PHASE_STRIP = NO;
				GCC_C_LANGUAGE_STANDARD = gnu99;
				GCC_DYNAMIC_NO_PIC = NO;
				GCC_OPTIMIZATION_LEVEL = 0;
				GCC_PREPROCESSOR_DEFINITIONS = (
					"DEBUG=1",
					"$(inherited)",
				);
				GCC_SYMBOLS_PRIVATE_EXTERN = NO;
				GCC_WARN_ABOUT_RETURN_TYPE = YES;
				GCC_WARN_UNINITIALIZED_AUTOS = YES;
				GCC_WARN_UNUSED_VARIABLE = YES;
				IPHONEOS_DEPLOYMENT_TARGET = 6.1;
				ONLY_ACTIVE_ARCH = YES;
				SDKROOT = iphoneos;
			};
			name = Debug;
		};
		4FA419551794032400A9E540 /* Release */ = {
			isa = XCBuildConfiguration;
			buildSettings = {
				ALWAYS_SEARCH_USER_PATHS = NO;
				CLANG_CXX_LANGUAGE_STANDARD = "gnu++0x";
				CLANG_CXX_LIBRARY = "libc++";
				CLANG_ENABLE_OBJC_ARC = YES;
				CLANG_WARN_CONSTANT_CONVERSION = YES;
				CLANG_WARN_EMPTY_BODY = YES;
				CLANG_WARN_ENUM_CONVERSION = YES;
				CLANG_WARN_INT_CONVERSION = YES;
				CLANG_WARN__DUPLICATE_METHOD_MATCH = YES;
				"CODE_SIGN_IDENTITY[sdk=iphoneos*]" = "iPhone Developer";
				COPY_PHASE_STRIP = YES;
				GCC_C_LANGUAGE_STANDARD = gnu99;
				GCC_WARN_ABOUT_RETURN_TYPE = YES;
				GCC_WARN_UNINITIALIZED_AUTOS = YES;
				GCC_WARN_UNUSED_VARIABLE = YES;
				IPHONEOS_DEPLOYMENT_TARGET = 6.1;
				OTHER_CFLAGS = "-DNS_BLOCK_ASSERTIONS=1";
				SDKROOT = iphoneos;
				VALIDATE_PRODUCT = YES;
			};
			name = Release;
		};
		4FA419571794032400A9E540 /* Debug */ = {
			isa = XCBuildConfiguration;
			buildSettings = {
				CODE_SIGN_IDENTITY = "";
				"CODE_SIGN_IDENTITY[sdk=iphoneos*]" = "";
				GCC_PRECOMPILE_PREFIX_HEADER = YES;
				GCC_PREFIX_HEADER = "CalabashExample/CalabashExample-Prefix.pch";
				INFOPLIST_FILE = "CalabashExample/CalabashExample-Info.plist";
				PRODUCT_NAME = "$(TARGET_NAME)";
				WRAPPER_EXTENSION = app;
			};
			name = Debug;
		};
		4FA419581794032400A9E540 /* Release */ = {
			isa = XCBuildConfiguration;
			buildSettings = {
				CODE_SIGN_IDENTITY = "";
				"CODE_SIGN_IDENTITY[sdk=iphoneos*]" = "";
				GCC_PRECOMPILE_PREFIX_HEADER = YES;
				GCC_PREFIX_HEADER = "CalabashExample/CalabashExample-Prefix.pch";
				INFOPLIST_FILE = "CalabashExample/CalabashExample-Info.plist";
				PRODUCT_NAME = "$(TARGET_NAME)";
				WRAPPER_EXTENSION = app;
			};
			name = Release;
		};
		4FA4195A1794032400A9E540 /* Debug */ = {
			isa = XCBuildConfiguration;
			buildSettings = {
				BUNDLE_LOADER = "$(BUILT_PRODUCTS_DIR)/CalabashExample.app/CalabashExample";
				FRAMEWORK_SEARCH_PATHS = (
					"\"$(SDKROOT)/Developer/Library/Frameworks\"",
					"\"$(DEVELOPER_LIBRARY_DIR)/Frameworks\"",
				);
				GCC_PRECOMPILE_PREFIX_HEADER = YES;
				GCC_PREFIX_HEADER = "CalabashExample/CalabashExample-Prefix.pch";
				INFOPLIST_FILE = "CalabashExampleTests/CalabashExampleTests-Info.plist";
				PRODUCT_NAME = "$(TARGET_NAME)";
				WRAPPER_EXTENSION = octest;
			};
			name = Debug;
		};
		4FA4195B1794032400A9E540 /* Release */ = {
			isa = XCBuildConfiguration;
			buildSettings = {
				BUNDLE_LOADER = "$(BUILT_PRODUCTS_DIR)/CalabashExample.app/CalabashExample";
				FRAMEWORK_SEARCH_PATHS = (
					"\"$(SDKROOT)/Developer/Library/Frameworks\"",
					"\"$(DEVELOPER_LIBRARY_DIR)/Frameworks\"",
				);
				GCC_PRECOMPILE_PREFIX_HEADER = YES;
				GCC_PREFIX_HEADER = "CalabashExample/CalabashExample-Prefix.pch";
				INFOPLIST_FILE = "CalabashExampleTests/CalabashExampleTests-Info.plist";
				PRODUCT_NAME = "$(TARGET_NAME)";
				WRAPPER_EXTENSION = octest;
			};
			name = Release;
		};
/* End XCBuildConfiguration section */

/* Begin XCConfigurationList section */
		4FA419191794032300A9E540 /* Build configuration list for PBXProject "CalabashExample" */ = {
			isa = XCConfigurationList;
			buildConfigurations = (
				4FA419541794032400A9E540 /* Debug */,
				4FA419551794032400A9E540 /* Release */,
			);
			defaultConfigurationIsVisible = 0;
			defaultConfigurationName = Release;
		};
		4FA419561794032400A9E540 /* Build configuration list for PBXNativeTarget "CalabashExample" */ = {
			isa = XCConfigurationList;
			buildConfigurations = (
				4FA419571794032400A9E540 /* Debug */,
				4FA419581794032400A9E540 /* Release */,
			);
			defaultConfigurationIsVisible = 0;
			defaultConfigurationName = Release;
		};
		4FA419591794032400A9E540 /* Build configuration list for PBXNativeTarget "CalabashExampleTests" */ = {
			isa = XCConfigurationList;
			buildConfigurations = (
				4FA4195A1794032400A9E540 /* Debug */,
				4FA4195B1794032400A9E540 /* Release */,
			);
			defaultConfigurationIsVisible = 0;
			defaultConfigurationName = Release;
		};
		b3ccf1652bc9b7dc632d3e7e /* Build configuration list for PBXNativeTarget "CalabashExample-cal" */ = {
			isa = XCConfigurationList;
			buildConfigurations = (
				462fa2ea230ad111e0ccd3e4 /* Debug */,
				123065bdea72903e5282c425 /* Release */,
			);
			defaultConfigurationIsVisible = 0;
			defaultConfigurationName = Release;
		};
/* End XCConfigurationList section */
	};
	rootObject = 4FA419161794032300A9E540 /* Project object */;
}
