<?xml version="1.0" encoding="UTF-8"?>
<!DOCTYPE plist PUBLIC "-//Apple//DTD PLIST 1.0//EN" "http://www.apple.com/DTDs/PropertyList-1.0.dtd">
<plist version="1.0">
<dict>
	<key>archiveVersion</key>
	<string>1</string>
	<key>classes</key>
	<dict/>
	<key>objectVersion</key>
	<string>46</string>
	<key>objects</key>
	<dict>
		<key>123065bdea72903e5282c425</key>
		<dict>
			<key>buildSettings</key>
			<dict>
				<key>FRAMEWORK_SEARCH_PATHS</key>
				<array>
					<string>$(inherited)</string>
					<string>"$(SRCROOT)"</string>
				</array>
				<key>GCC_PRECOMPILE_PREFIX_HEADER</key>
				<string>YES</string>
				<key>GCC_PREFIX_HEADER</key>
				<string>CalabashExample/CalabashExample-Prefix.pch</string>
				<key>INFOPLIST_FILE</key>
				<string>CalabashExample/CalabashExample-Info.plist</string>
				<key>OTHER_LDFLAGS</key>
				<array>
					<string>$(inherited)</string>
					<string>-force_load</string>
					<string>"$(SRCROOT)/calabash.framework/calabash"</string>
					<string>-lstdc++</string>
				</array>
				<key>PRODUCT_NAME</key>
				<string>$(TARGET_NAME)</string>
				<key>WRAPPER_EXTENSION</key>
				<string>app</string>
			</dict>
			<key>isa</key>
			<string>XCBuildConfiguration</string>
			<key>name</key>
			<string>Release</string>
		</dict>
		<key>2f018fa36ccfe6afa428468a</key>
		<dict>
			<key>explicitFileType</key>
			<string>wrapper.application</string>
			<key>includeInIndex</key>
			<string>0</string>
			<key>isa</key>
			<string>PBXFileReference</string>
			<key>path</key>
			<string>CalabashExample-cal.app</string>
			<key>sourceTree</key>
			<string>BUILT_PRODUCTS_DIR</string>
		</dict>
		<key>30dc4f2f4cd756abbb929f09</key>
		<dict>
			<key>fileRef</key>
			<string>4FA4192A1794032300A9E540</string>
			<key>isa</key>
			<string>PBXBuildFile</string>
		</dict>
		<key>340f03dea5d059a87c1a2b86</key>
		<dict>
			<key>fileRef</key>
			<string>4FA419351794032400A9E540</string>
			<key>isa</key>
			<string>PBXBuildFile</string>
		</dict>
		<key>462fa2ea230ad111e0ccd3e4</key>
		<dict>
			<key>buildSettings</key>
			<dict>
				<key>FRAMEWORK_SEARCH_PATHS</key>
				<array>
					<string>$(inherited)</string>
					<string>"$(SRCROOT)"</string>
				</array>
				<key>GCC_PRECOMPILE_PREFIX_HEADER</key>
				<string>YES</string>
				<key>GCC_PREFIX_HEADER</key>
				<string>CalabashExample/CalabashExample-Prefix.pch</string>
				<key>INFOPLIST_FILE</key>
				<string>CalabashExample/CalabashExample-Info.plist</string>
				<key>OTHER_LDFLAGS</key>
				<array>
					<string>$(inherited)</string>
					<string>-force_load</string>
					<string>"$(SRCROOT)/calabash.framework/calabash"</string>
					<string>-lstdc++</string>
				</array>
				<key>PRODUCT_NAME</key>
				<string>$(TARGET_NAME)</string>
				<key>WRAPPER_EXTENSION</key>
				<string>app</string>
			</dict>
			<key>isa</key>
			<string>XCBuildConfiguration</string>
			<key>name</key>
			<string>Debug</string>
		</dict>
		<key>4FA419151794032300A9E540</key>
		<dict>
			<key>children</key>
			<array>
				<string>4FA419271794032300A9E540</string>
				<string>4FA4194B1794032400A9E540</string>
				<string>4FA419201794032300A9E540</string>
				<string>4FA4191F1794032300A9E540</string>
			</array>
			<key>isa</key>
			<string>PBXGroup</string>
			<key>sourceTree</key>
			<string>&lt;group&gt;</string>
		</dict>
		<key>4FA419161794032300A9E540</key>
		<dict>
			<key>attributes</key>
			<dict>
				<key>CLASSPREFIX</key>
				<string>CB</string>
				<key>LastUpgradeCheck</key>
				<string>0460</string>
				<key>ORGANIZATIONNAME</key>
				<string>EnergizedWork</string>
			</dict>
			<key>buildConfigurationList</key>
			<string>4FA419191794032300A9E540</string>
			<key>compatibilityVersion</key>
			<string>Xcode 3.2</string>
			<key>developmentRegion</key>
			<string>English</string>
			<key>hasScannedForEncodings</key>
			<string>0</string>
			<key>isa</key>
			<string>PBXProject</string>
			<key>knownRegions</key>
			<array>
				<string>en</string>
			</array>
			<key>mainGroup</key>
			<string>4FA419151794032300A9E540</string>
			<key>productRefGroup</key>
			<string>4FA4191F1794032300A9E540</string>
			<key>projectDirPath</key>
			<string></string>
			<key>projectRoot</key>
			<string></string>
			<key>targets</key>
			<array>
				<string>4FA4191D1794032300A9E540</string>
				<string>4FA419431794032400A9E540</string>
				<string>8652ffc582bc060cf5ceb977</string>
			</array>
		</dict>
		<key>4FA419191794032300A9E540</key>
		<dict>
			<key>buildConfigurations</key>
			<array>
				<string>4FA419541794032400A9E540</string>
				<string>4FA419551794032400A9E540</string>
			</array>
			<key>defaultConfigurationIsVisible</key>
			<string>0</string>
			<key>defaultConfigurationName</key>
			<string>Release</string>
			<key>isa</key>
			<string>XCConfigurationList</string>
		</dict>
		<key>4FA4191A1794032300A9E540</key>
		<dict>
			<key>buildActionMask</key>
			<string>2147483647</string>
			<key>files</key>
			<array>
				<string>4FA4192E1794032300A9E540</string>
				<string>4FA419321794032400A9E540</string>
				<string>4FA4193E1794032400A9E540</string>
			</array>
			<key>isa</key>
			<string>PBXSourcesBuildPhase</string>
			<key>runOnlyForDeploymentPostprocessing</key>
			<string>0</string>
		</dict>
		<key>4FA4191B1794032300A9E540</key>
		<dict>
			<key>buildActionMask</key>
			<string>2147483647</string>
			<key>files</key>
			<array>
				<string>4FA419221794032300A9E540</string>
				<string>4FA419241794032300A9E540</string>
				<string>4FA419261794032300A9E540</string>
			</array>
			<key>isa</key>
			<string>PBXFrameworksBuildPhase</string>
			<key>runOnlyForDeploymentPostprocessing</key>
			<string>0</string>
		</dict>
		<key>4FA4191C1794032300A9E540</key>
		<dict>
			<key>buildActionMask</key>
			<string>2147483647</string>
			<key>files</key>
			<array>
				<string>4FA4192C1794032300A9E540</string>
				<string>4FA419341794032400A9E540</string>
				<string>4FA419361794032400A9E540</string>
				<string>4FA419381794032400A9E540</string>
				<string>4FA4193B1794032400A9E540</string>
			</array>
			<key>isa</key>
			<string>PBXResourcesBuildPhase</string>
			<key>runOnlyForDeploymentPostprocessing</key>
			<string>0</string>
		</dict>
		<key>4FA4191D1794032300A9E540</key>
		<dict>
			<key>buildConfigurationList</key>
			<string>4FA419561794032400A9E540</string>
			<key>buildPhases</key>
			<array>
				<string>4FA4191A1794032300A9E540</string>
				<string>4FA4191B1794032300A9E540</string>
				<string>4FA4191C1794032300A9E540</string>
			</array>
			<key>buildRules</key>
			<array/>
			<key>dependencies</key>
			<array/>
			<key>isa</key>
			<string>PBXNativeTarget</string>
			<key>name</key>
			<string>CalabashExample</string>
			<key>productName</key>
			<string>CalabashExample</string>
			<key>productReference</key>
			<string>4FA4191E1794032300A9E540</string>
			<key>productType</key>
			<string>com.apple.product-type.application</string>
		</dict>
		<key>4FA4191E1794032300A9E540</key>
		<dict>
			<key>explicitFileType</key>
			<string>wrapper.application</string>
			<key>includeInIndex</key>
			<string>0</string>
			<key>isa</key>
			<string>PBXFileReference</string>
			<key>path</key>
			<string>CalabashExample.app</string>
			<key>sourceTree</key>
			<string>BUILT_PRODUCTS_DIR</string>
		</dict>
		<key>4FA4191F1794032300A9E540</key>
		<dict>
			<key>children</key>
			<array>
				<string>4FA4191E1794032300A9E540</string>
				<string>4FA419441794032400A9E540</string>
			</array>
			<key>isa</key>
			<string>PBXGroup</string>
			<key>name</key>
			<string>Products</string>
			<key>sourceTree</key>
			<string>&lt;group&gt;</string>
		</dict>
		<key>4FA419201794032300A9E540</key>
		<dict>
			<key>children</key>
			<array>
				<string>4FA419211794032300A9E540</string>
				<string>4FA419231794032300A9E540</string>
				<string>4FA419251794032300A9E540</string>
				<string>4FA419451794032400A9E540</string>
				<string>929db149a71542c6716d042a</string>
				<string>649f365c55c65ca947541a68</string>
			</array>
			<key>isa</key>
			<string>PBXGroup</string>
			<key>name</key>
			<string>Frameworks</string>
			<key>path</key>
			<string></string>
			<key>sourceTree</key>
			<string>&lt;group&gt;</string>
		</dict>
		<key>4FA419211794032300A9E540</key>
		<dict>
			<key>isa</key>
			<string>PBXFileReference</string>
			<key>lastKnownFileType</key>
			<string>wrapper.framework</string>
			<key>name</key>
			<string>UIKit.framework</string>
			<key>path</key>
			<string>System/Library/Frameworks/UIKit.framework</string>
			<key>sourceTree</key>
			<string>SDKROOT</string>
		</dict>
		<key>4FA419221794032300A9E540</key>
		<dict>
			<key>fileRef</key>
			<string>4FA419211794032300A9E540</string>
			<key>isa</key>
			<string>PBXBuildFile</string>
		</dict>
		<key>4FA419231794032300A9E540</key>
		<dict>
			<key>isa</key>
			<string>PBXFileReference</string>
			<key>lastKnownFileType</key>
			<string>wrapper.framework</string>
			<key>name</key>
			<string>Foundation.framework</string>
			<key>path</key>
			<string>System/Library/Frameworks/Foundation.framework</string>
			<key>sourceTree</key>
			<string>SDKROOT</string>
		</dict>
		<key>4FA419241794032300A9E540</key>
		<dict>
			<key>fileRef</key>
			<string>4FA419231794032300A9E540</string>
			<key>isa</key>
			<string>PBXBuildFile</string>
		</dict>
		<key>4FA419251794032300A9E540</key>
		<dict>
			<key>isa</key>
			<string>PBXFileReference</string>
			<key>lastKnownFileType</key>
			<string>wrapper.framework</string>
			<key>name</key>
			<string>CoreGraphics.framework</string>
			<key>path</key>
			<string>System/Library/Frameworks/CoreGraphics.framework</string>
			<key>sourceTree</key>
			<string>SDKROOT</string>
		</dict>
		<key>4FA419261794032300A9E540</key>
		<dict>
			<key>fileRef</key>
			<string>4FA419251794032300A9E540</string>
			<key>isa</key>
			<string>PBXBuildFile</string>
		</dict>
		<key>4FA419271794032300A9E540</key>
		<dict>
			<key>children</key>
			<array>
				<string>4FA419301794032300A9E540</string>
				<string>4FA419311794032400A9E540</string>
				<string>4FA419391794032400A9E540</string>
				<string>4FA4193C1794032400A9E540</string>
				<string>4FA4193D1794032400A9E540</string>
				<string>4FA419281794032300A9E540</string>
			</array>
			<key>isa</key>
			<string>PBXGroup</string>
			<key>path</key>
			<string>CalabashExample</string>
			<key>sourceTree</key>
			<string>&lt;group&gt;</string>
		</dict>
		<key>4FA419281794032300A9E540</key>
		<dict>
			<key>children</key>
			<array>
				<string>4FA419291794032300A9E540</string>
				<string>4FA4192A1794032300A9E540</string>
				<string>4FA4192D1794032300A9E540</string>
				<string>4FA4192F1794032300A9E540</string>
				<string>4FA419331794032400A9E540</string>
				<string>4FA419351794032400A9E540</string>
				<string>4FA419371794032400A9E540</string>
			</array>
			<key>isa</key>
			<string>PBXGroup</string>
			<key>name</key>
			<string>Supporting Files</string>
			<key>sourceTree</key>
			<string>&lt;group&gt;</string>
		</dict>
		<key>4FA419291794032300A9E540</key>
		<dict>
			<key>isa</key>
			<string>PBXFileReference</string>
			<key>lastKnownFileType</key>
			<string>text.plist.xml</string>
			<key>path</key>
			<string>CalabashExample-Info.plist</string>
			<key>sourceTree</key>
			<string>&lt;group&gt;</string>
		</dict>
		<key>4FA4192A1794032300A9E540</key>
		<dict>
			<key>children</key>
			<array>
				<string>4FA4192B1794032300A9E540</string>
			</array>
			<key>isa</key>
			<string>PBXVariantGroup</string>
			<key>name</key>
			<string>InfoPlist.strings</string>
			<key>sourceTree</key>
			<string>&lt;group&gt;</string>
		</dict>
		<key>4FA4192B1794032300A9E540</key>
		<dict>
			<key>isa</key>
			<string>PBXFileReference</string>
			<key>lastKnownFileType</key>
			<string>text.plist.strings</string>
			<key>name</key>
			<string>en</string>
			<key>path</key>
			<string>en.lproj/InfoPlist.strings</string>
			<key>sourceTree</key>
			<string>&lt;group&gt;</string>
		</dict>
		<key>4FA4192C1794032300A9E540</key>
		<dict>
			<key>fileRef</key>
			<string>4FA4192A1794032300A9E540</string>
			<key>isa</key>
			<string>PBXBuildFile</string>
		</dict>
		<key>4FA4192D1794032300A9E540</key>
		<dict>
			<key>isa</key>
			<string>PBXFileReference</string>
			<key>lastKnownFileType</key>
			<string>sourcecode.c.objc</string>
			<key>path</key>
			<string>main.m</string>
			<key>sourceTree</key>
			<string>&lt;group&gt;</string>
		</dict>
		<key>4FA4192E1794032300A9E540</key>
		<dict>
			<key>fileRef</key>
			<string>4FA4192D1794032300A9E540</string>
			<key>isa</key>
			<string>PBXBuildFile</string>
		</dict>
		<key>4FA4192F1794032300A9E540</key>
		<dict>
			<key>isa</key>
			<string>PBXFileReference</string>
			<key>lastKnownFileType</key>
			<string>sourcecode.c.h</string>
			<key>path</key>
			<string>CalabashExample-Prefix.pch</string>
			<key>sourceTree</key>
			<string>&lt;group&gt;</string>
		</dict>
		<key>4FA419301794032300A9E540</key>
		<dict>
			<key>isa</key>
			<string>PBXFileReference</string>
			<key>lastKnownFileType</key>
			<string>sourcecode.c.h</string>
			<key>path</key>
			<string>CBAppDelegate.h</string>
			<key>sourceTree</key>
			<string>&lt;group&gt;</string>
		</dict>
		<key>4FA419311794032400A9E540</key>
		<dict>
			<key>isa</key>
			<string>PBXFileReference</string>
			<key>lastKnownFileType</key>
			<string>sourcecode.c.objc</string>
			<key>path</key>
			<string>CBAppDelegate.m</string>
			<key>sourceTree</key>
			<string>&lt;group&gt;</string>
		</dict>
		<key>4FA419321794032400A9E540</key>
		<dict>
			<key>fileRef</key>
			<string>4FA419311794032400A9E540</string>
			<key>isa</key>
			<string>PBXBuildFile</string>
		</dict>
		<key>4FA419331794032400A9E540</key>
		<dict>
			<key>isa</key>
			<string>PBXFileReference</string>
			<key>lastKnownFileType</key>
			<string>image.png</string>
			<key>path</key>
			<string>Default.png</string>
			<key>sourceTree</key>
			<string>&lt;group&gt;</string>
		</dict>
		<key>4FA419341794032400A9E540</key>
		<dict>
			<key>fileRef</key>
			<string>4FA419331794032400A9E540</string>
			<key>isa</key>
			<string>PBXBuildFile</string>
		</dict>
		<key>4FA419351794032400A9E540</key>
		<dict>
			<key>isa</key>
			<string>PBXFileReference</string>
			<key>lastKnownFileType</key>
			<string>image.png</string>
			<key>path</key>
			<string>Default@2x.png</string>
			<key>sourceTree</key>
			<string>&lt;group&gt;</string>
		</dict>
		<key>4FA419361794032400A9E540</key>
		<dict>
			<key>fileRef</key>
			<string>4FA419351794032400A9E540</string>
			<key>isa</key>
			<string>PBXBuildFile</string>
		</dict>
		<key>4FA419371794032400A9E540</key>
		<dict>
			<key>isa</key>
			<string>PBXFileReference</string>
			<key>lastKnownFileType</key>
			<string>image.png</string>
			<key>path</key>
			<string>Default-568h@2x.png</string>
			<key>sourceTree</key>
			<string>&lt;group&gt;</string>
		</dict>
		<key>4FA419381794032400A9E540</key>
		<dict>
			<key>fileRef</key>
			<string>4FA419371794032400A9E540</string>
			<key>isa</key>
			<string>PBXBuildFile</string>
		</dict>
		<key>4FA419391794032400A9E540</key>
		<dict>
			<key>children</key>
			<array>
				<string>4FA4193A1794032400A9E540</string>
			</array>
			<key>isa</key>
			<string>PBXVariantGroup</string>
			<key>name</key>
			<string>MainStoryboard.storyboard</string>
			<key>sourceTree</key>
			<string>&lt;group&gt;</string>
		</dict>
		<key>4FA4193A1794032400A9E540</key>
		<dict>
			<key>isa</key>
			<string>PBXFileReference</string>
			<key>lastKnownFileType</key>
			<string>file.storyboard</string>
			<key>name</key>
			<string>en</string>
			<key>path</key>
			<string>en.lproj/MainStoryboard.storyboard</string>
			<key>sourceTree</key>
			<string>&lt;group&gt;</string>
		</dict>
		<key>4FA4193B1794032400A9E540</key>
		<dict>
			<key>fileRef</key>
			<string>4FA419391794032400A9E540</string>
			<key>isa</key>
			<string>PBXBuildFile</string>
		</dict>
		<key>4FA4193C1794032400A9E540</key>
		<dict>
			<key>isa</key>
			<string>PBXFileReference</string>
			<key>lastKnownFileType</key>
			<string>sourcecode.c.h</string>
			<key>path</key>
			<string>CBViewController.h</string>
			<key>sourceTree</key>
			<string>&lt;group&gt;</string>
		</dict>
		<key>4FA4193D1794032400A9E540</key>
		<dict>
			<key>isa</key>
			<string>PBXFileReference</string>
			<key>lastKnownFileType</key>
			<string>sourcecode.c.objc</string>
			<key>path</key>
			<string>CBViewController.m</string>
			<key>sourceTree</key>
			<string>&lt;group&gt;</string>
		</dict>
		<key>4FA4193E1794032400A9E540</key>
		<dict>
			<key>fileRef</key>
			<string>4FA4193D1794032400A9E540</string>
			<key>isa</key>
			<string>PBXBuildFile</string>
		</dict>
		<key>4FA4193F1794032400A9E540</key>
		<dict>
			<key>buildActionMask</key>
			<string>2147483647</string>
			<key>files</key>
			<array>
				<string>4FA419531794032400A9E540</string>
			</array>
			<key>isa</key>
			<string>PBXSourcesBuildPhase</string>
			<key>runOnlyForDeploymentPostprocessing</key>
			<string>0</string>
		</dict>
		<key>4FA419401794032400A9E540</key>
		<dict>
			<key>buildActionMask</key>
			<string>2147483647</string>
			<key>files</key>
			<array>
				<string>4FA419461794032400A9E540</string>
				<string>4FA419471794032400A9E540</string>
				<string>4FA419481794032400A9E540</string>
			</array>
			<key>isa</key>
			<string>PBXFrameworksBuildPhase</string>
			<key>runOnlyForDeploymentPostprocessing</key>
			<string>0</string>
		</dict>
		<key>4FA419411794032400A9E540</key>
		<dict>
			<key>buildActionMask</key>
			<string>2147483647</string>
			<key>files</key>
			<array>
				<string>4FA419501794032400A9E540</string>
			</array>
			<key>isa</key>
			<string>PBXResourcesBuildPhase</string>
			<key>runOnlyForDeploymentPostprocessing</key>
			<string>0</string>
		</dict>
		<key>4FA419421794032400A9E540</key>
		<dict>
			<key>buildActionMask</key>
			<string>2147483647</string>
			<key>files</key>
			<array/>
			<key>inputPaths</key>
			<array/>
			<key>isa</key>
			<string>PBXShellScriptBuildPhase</string>
			<key>outputPaths</key>
			<array/>
			<key>runOnlyForDeploymentPostprocessing</key>
			<string>0</string>
			<key>shellPath</key>
			<string>/bin/sh</string>
			<key>shellScript</key>
			<string># Run the unit tests in this test bundle.
"${SYSTEM_DEVELOPER_DIR}/Tools/RunUnitTests"
</string>
		</dict>
		<key>4FA419431794032400A9E540</key>
		<dict>
			<key>buildConfigurationList</key>
			<string>4FA419591794032400A9E540</string>
			<key>buildPhases</key>
			<array>
				<string>4FA4193F1794032400A9E540</string>
				<string>4FA419401794032400A9E540</string>
				<string>4FA419411794032400A9E540</string>
				<string>4FA419421794032400A9E540</string>
			</array>
			<key>buildRules</key>
			<array/>
			<key>dependencies</key>
			<array>
				<string>4FA4194A1794032400A9E540</string>
			</array>
			<key>isa</key>
			<string>PBXNativeTarget</string>
			<key>name</key>
			<string>CalabashExampleTests</string>
			<key>productName</key>
			<string>CalabashExampleTests</string>
			<key>productReference</key>
			<string>4FA419441794032400A9E540</string>
			<key>productType</key>
			<string>com.apple.product-type.bundle</string>
		</dict>
		<key>4FA419441794032400A9E540</key>
		<dict>
			<key>explicitFileType</key>
			<string>wrapper.cfbundle</string>
			<key>includeInIndex</key>
			<string>0</string>
			<key>isa</key>
			<string>PBXFileReference</string>
			<key>path</key>
			<string>CalabashExampleTests.octest</string>
			<key>sourceTree</key>
			<string>BUILT_PRODUCTS_DIR</string>
		</dict>
		<key>4FA419451794032400A9E540</key>
		<dict>
			<key>isa</key>
			<string>PBXFileReference</string>
			<key>lastKnownFileType</key>
			<string>wrapper.framework</string>
			<key>name</key>
			<string>SenTestingKit.framework</string>
			<key>path</key>
			<string>Library/Frameworks/SenTestingKit.framework</string>
			<key>sourceTree</key>
			<string>DEVELOPER_DIR</string>
		</dict>
		<key>4FA419461794032400A9E540</key>
		<dict>
			<key>fileRef</key>
			<string>4FA419451794032400A9E540</string>
			<key>isa</key>
			<string>PBXBuildFile</string>
		</dict>
		<key>4FA419471794032400A9E540</key>
		<dict>
			<key>fileRef</key>
			<string>4FA419211794032300A9E540</string>
			<key>isa</key>
			<string>PBXBuildFile</string>
		</dict>
		<key>4FA419481794032400A9E540</key>
		<dict>
			<key>fileRef</key>
			<string>4FA419231794032300A9E540</string>
			<key>isa</key>
			<string>PBXBuildFile</string>
		</dict>
		<key>4FA419491794032400A9E540</key>
		<dict>
			<key>containerPortal</key>
			<string>4FA419161794032300A9E540</string>
			<key>isa</key>
			<string>PBXContainerItemProxy</string>
			<key>proxyType</key>
			<string>1</string>
			<key>remoteGlobalIDString</key>
			<string>4FA4191D1794032300A9E540</string>
			<key>remoteInfo</key>
			<string>CalabashExample</string>
		</dict>
		<key>4FA4194A1794032400A9E540</key>
		<dict>
			<key>isa</key>
			<string>PBXTargetDependency</string>
			<key>target</key>
			<string>4FA4191D1794032300A9E540</string>
			<key>targetProxy</key>
			<string>4FA419491794032400A9E540</string>
		</dict>
		<key>4FA4194B1794032400A9E540</key>
		<dict>
			<key>children</key>
			<array>
				<string>4FA419511794032400A9E540</string>
				<string>4FA419521794032400A9E540</string>
				<string>4FA4194C1794032400A9E540</string>
			</array>
			<key>isa</key>
			<string>PBXGroup</string>
			<key>path</key>
			<string>CalabashExampleTests</string>
			<key>sourceTree</key>
			<string>&lt;group&gt;</string>
		</dict>
		<key>4FA4194C1794032400A9E540</key>
		<dict>
			<key>children</key>
			<array>
				<string>4FA4194D1794032400A9E540</string>
				<string>4FA4194E1794032400A9E540</string>
			</array>
			<key>isa</key>
			<string>PBXGroup</string>
			<key>name</key>
			<string>Supporting Files</string>
			<key>sourceTree</key>
			<string>&lt;group&gt;</string>
		</dict>
		<key>4FA4194D1794032400A9E540</key>
		<dict>
			<key>isa</key>
			<string>PBXFileReference</string>
			<key>lastKnownFileType</key>
			<string>text.plist.xml</string>
			<key>path</key>
			<string>CalabashExampleTests-Info.plist</string>
			<key>sourceTree</key>
			<string>&lt;group&gt;</string>
		</dict>
		<key>4FA4194E1794032400A9E540</key>
		<dict>
			<key>children</key>
			<array>
				<string>4FA4194F1794032400A9E540</string>
			</array>
			<key>isa</key>
			<string>PBXVariantGroup</string>
			<key>name</key>
			<string>InfoPlist.strings</string>
			<key>sourceTree</key>
			<string>&lt;group&gt;</string>
		</dict>
		<key>4FA4194F1794032400A9E540</key>
		<dict>
			<key>isa</key>
			<string>PBXFileReference</string>
			<key>lastKnownFileType</key>
			<string>text.plist.strings</string>
			<key>name</key>
			<string>en</string>
			<key>path</key>
			<string>en.lproj/InfoPlist.strings</string>
			<key>sourceTree</key>
			<string>&lt;group&gt;</string>
		</dict>
		<key>4FA419501794032400A9E540</key>
		<dict>
			<key>fileRef</key>
			<string>4FA4194E1794032400A9E540</string>
			<key>isa</key>
			<string>PBXBuildFile</string>
		</dict>
		<key>4FA419511794032400A9E540</key>
		<dict>
			<key>isa</key>
			<string>PBXFileReference</string>
			<key>lastKnownFileType</key>
			<string>sourcecode.c.h</string>
			<key>path</key>
			<string>CalabashExampleTests.h</string>
			<key>sourceTree</key>
			<string>&lt;group&gt;</string>
		</dict>
		<key>4FA419521794032400A9E540</key>
		<dict>
			<key>isa</key>
			<string>PBXFileReference</string>
			<key>lastKnownFileType</key>
			<string>sourcecode.c.objc</string>
			<key>path</key>
			<string>CalabashExampleTests.m</string>
			<key>sourceTree</key>
			<string>&lt;group&gt;</string>
		</dict>
		<key>4FA419531794032400A9E540</key>
		<dict>
			<key>fileRef</key>
			<string>4FA419521794032400A9E540</string>
			<key>isa</key>
			<string>PBXBuildFile</string>
		</dict>
		<key>4FA419541794032400A9E540</key>
		<dict>
			<key>buildSettings</key>
			<dict>
				<key>ALWAYS_SEARCH_USER_PATHS</key>
				<string>NO</string>
				<key>CLANG_CXX_LANGUAGE_STANDARD</key>
				<string>gnu++0x</string>
				<key>CLANG_CXX_LIBRARY</key>
				<string>libc++</string>
				<key>CLANG_ENABLE_OBJC_ARC</key>
				<string>YES</string>
				<key>CLANG_WARN_CONSTANT_CONVERSION</key>
				<string>YES</string>
				<key>CLANG_WARN_EMPTY_BODY</key>
				<string>YES</string>
				<key>CLANG_WARN_ENUM_CONVERSION</key>
				<string>YES</string>
				<key>CLANG_WARN_INT_CONVERSION</key>
				<string>YES</string>
				<key>CLANG_WARN__DUPLICATE_METHOD_MATCH</key>
				<string>YES</string>
				<key>CODE_SIGN_IDENTITY[sdk=iphoneos*]</key>
				<string>iPhone Developer</string>
				<key>COPY_PHASE_STRIP</key>
				<string>NO</string>
				<key>GCC_C_LANGUAGE_STANDARD</key>
				<string>gnu99</string>
				<key>GCC_DYNAMIC_NO_PIC</key>
				<string>NO</string>
				<key>GCC_OPTIMIZATION_LEVEL</key>
				<string>0</string>
				<key>GCC_PREPROCESSOR_DEFINITIONS</key>
				<array>
					<string>DEBUG=1</string>
					<string>$(inherited)</string>
				</array>
				<key>GCC_SYMBOLS_PRIVATE_EXTERN</key>
				<string>NO</string>
				<key>GCC_WARN_ABOUT_RETURN_TYPE</key>
				<string>YES</string>
				<key>GCC_WARN_UNINITIALIZED_AUTOS</key>
				<string>YES</string>
				<key>GCC_WARN_UNUSED_VARIABLE</key>
				<string>YES</string>
				<key>IPHONEOS_DEPLOYMENT_TARGET</key>
				<string>6.1</string>
				<key>ONLY_ACTIVE_ARCH</key>
				<string>YES</string>
				<key>SDKROOT</key>
				<string>iphoneos</string>
			</dict>
			<key>isa</key>
			<string>XCBuildConfiguration</string>
			<key>name</key>
			<string>Debug</string>
		</dict>
		<key>4FA419551794032400A9E540</key>
		<dict>
			<key>buildSettings</key>
			<dict>
				<key>ALWAYS_SEARCH_USER_PATHS</key>
				<string>NO</string>
				<key>CLANG_CXX_LANGUAGE_STANDARD</key>
				<string>gnu++0x</string>
				<key>CLANG_CXX_LIBRARY</key>
				<string>libc++</string>
				<key>CLANG_ENABLE_OBJC_ARC</key>
				<string>YES</string>
				<key>CLANG_WARN_CONSTANT_CONVERSION</key>
				<string>YES</string>
				<key>CLANG_WARN_EMPTY_BODY</key>
				<string>YES</string>
				<key>CLANG_WARN_ENUM_CONVERSION</key>
				<string>YES</string>
				<key>CLANG_WARN_INT_CONVERSION</key>
				<string>YES</string>
				<key>CLANG_WARN__DUPLICATE_METHOD_MATCH</key>
				<string>YES</string>
				<key>CODE_SIGN_IDENTITY[sdk=iphoneos*]</key>
				<string>iPhone Developer</string>
				<key>COPY_PHASE_STRIP</key>
				<string>YES</string>
				<key>GCC_C_LANGUAGE_STANDARD</key>
				<string>gnu99</string>
				<key>GCC_WARN_ABOUT_RETURN_TYPE</key>
				<string>YES</string>
				<key>GCC_WARN_UNINITIALIZED_AUTOS</key>
				<string>YES</string>
				<key>GCC_WARN_UNUSED_VARIABLE</key>
				<string>YES</string>
				<key>IPHONEOS_DEPLOYMENT_TARGET</key>
				<string>6.1</string>
				<key>OTHER_CFLAGS</key>
				<string>-DNS_BLOCK_ASSERTIONS=1</string>
				<key>SDKROOT</key>
				<string>iphoneos</string>
				<key>VALIDATE_PRODUCT</key>
				<string>YES</string>
			</dict>
			<key>isa</key>
			<string>XCBuildConfiguration</string>
			<key>name</key>
			<string>Release</string>
		</dict>
		<key>4FA419561794032400A9E540</key>
		<dict>
			<key>buildConfigurations</key>
			<array>
				<string>4FA419571794032400A9E540</string>
				<string>4FA419581794032400A9E540</string>
			</array>
			<key>defaultConfigurationIsVisible</key>
			<string>0</string>
			<key>isa</key>
			<string>XCConfigurationList</string>
		</dict>
		<key>4FA419571794032400A9E540</key>
		<dict>
			<key>buildSettings</key>
			<dict>
				<key>GCC_PRECOMPILE_PREFIX_HEADER</key>
				<string>YES</string>
				<key>GCC_PREFIX_HEADER</key>
				<string>CalabashExample/CalabashExample-Prefix.pch</string>
				<key>INFOPLIST_FILE</key>
				<string>CalabashExample/CalabashExample-Info.plist</string>
				<key>PRODUCT_NAME</key>
				<string>$(TARGET_NAME)</string>
				<key>WRAPPER_EXTENSION</key>
				<string>app</string>
			</dict>
			<key>isa</key>
			<string>XCBuildConfiguration</string>
			<key>name</key>
			<string>Debug</string>
		</dict>
		<key>4FA419581794032400A9E540</key>
		<dict>
			<key>buildSettings</key>
			<dict>
				<key>GCC_PRECOMPILE_PREFIX_HEADER</key>
				<string>YES</string>
				<key>GCC_PREFIX_HEADER</key>
				<string>CalabashExample/CalabashExample-Prefix.pch</string>
				<key>INFOPLIST_FILE</key>
				<string>CalabashExample/CalabashExample-Info.plist</string>
				<key>PRODUCT_NAME</key>
				<string>$(TARGET_NAME)</string>
				<key>WRAPPER_EXTENSION</key>
				<string>app</string>
			</dict>
			<key>isa</key>
			<string>XCBuildConfiguration</string>
			<key>name</key>
			<string>Release</string>
		</dict>
		<key>4FA419591794032400A9E540</key>
		<dict>
			<key>buildConfigurations</key>
			<array>
				<string>4FA4195A1794032400A9E540</string>
				<string>4FA4195B1794032400A9E540</string>
			</array>
			<key>defaultConfigurationIsVisible</key>
			<string>0</string>
			<key>isa</key>
			<string>XCConfigurationList</string>
		</dict>
		<key>4FA4195A1794032400A9E540</key>
		<dict>
			<key>buildSettings</key>
			<dict>
				<key>BUNDLE_LOADER</key>
				<string>$(BUILT_PRODUCTS_DIR)/CalabashExample.app/CalabashExample</string>
				<key>FRAMEWORK_SEARCH_PATHS</key>
				<array>
					<string>"$(SDKROOT)/Developer/Library/Frameworks"</string>
					<string>"$(DEVELOPER_LIBRARY_DIR)/Frameworks"</string>
				</array>
				<key>GCC_PRECOMPILE_PREFIX_HEADER</key>
				<string>YES</string>
				<key>GCC_PREFIX_HEADER</key>
				<string>CalabashExample/CalabashExample-Prefix.pch</string>
				<key>INFOPLIST_FILE</key>
				<string>CalabashExampleTests/CalabashExampleTests-Info.plist</string>
				<key>PRODUCT_NAME</key>
				<string>$(TARGET_NAME)</string>
				<key>TEST_HOST</key>
				<string>$(BUNDLE_LOADER)</string>
				<key>WRAPPER_EXTENSION</key>
				<string>octest</string>
			</dict>
			<key>isa</key>
			<string>XCBuildConfiguration</string>
			<key>name</key>
			<string>Debug</string>
		</dict>
		<key>4FA4195B1794032400A9E540</key>
		<dict>
			<key>buildSettings</key>
			<dict>
				<key>BUNDLE_LOADER</key>
				<string>$(BUILT_PRODUCTS_DIR)/CalabashExample.app/CalabashExample</string>
				<key>FRAMEWORK_SEARCH_PATHS</key>
				<array>
					<string>"$(SDKROOT)/Developer/Library/Frameworks"</string>
					<string>"$(DEVELOPER_LIBRARY_DIR)/Frameworks"</string>
				</array>
				<key>GCC_PRECOMPILE_PREFIX_HEADER</key>
				<string>YES</string>
				<key>GCC_PREFIX_HEADER</key>
				<string>CalabashExample/CalabashExample-Prefix.pch</string>
				<key>INFOPLIST_FILE</key>
				<string>CalabashExampleTests/CalabashExampleTests-Info.plist</string>
				<key>PRODUCT_NAME</key>
				<string>$(TARGET_NAME)</string>
				<key>TEST_HOST</key>
				<string>$(BUNDLE_LOADER)</string>
				<key>WRAPPER_EXTENSION</key>
				<string>octest</string>
			</dict>
			<key>isa</key>
			<string>XCBuildConfiguration</string>
			<key>name</key>
			<string>Release</string>
		</dict>
		<key>649f365c55c65ca947541a68</key>
		<dict>
			<key>fileEncoding</key>
			<string>4</string>
			<key>isa</key>
			<string>PBXFileReference</string>
			<key>lastKnownFileType</key>
			<string>wrapper.framework</string>
			<key>name</key>
			<string>calabash.framework</string>
			<key>path</key>
			<string>calabash.framework</string>
			<key>sourceTree</key>
			<string>&lt;group&gt;</string>
		</dict>
		<key>7c73866ef06b4668aaac0cf5</key>
		<dict>
			<key>fileRef</key>
			<string>4FA419371794032400A9E540</string>
			<key>isa</key>
			<string>PBXBuildFile</string>
		</dict>
		<key>85611cf378e06e862864ad0d</key>
		<dict>
			<key>fileRef</key>
			<string>4FA419311794032400A9E540</string>
			<key>isa</key>
			<string>PBXBuildFile</string>
		</dict>
		<key>8652ffc582bc060cf5ceb977</key>
		<dict>
			<key>buildConfigurationList</key>
			<string>b3ccf1652bc9b7dc632d3e7e</string>
			<key>buildPhases</key>
			<array>
				<string>d9a32656e2ccb7f58d7ebf54</string>
				<string>baabc8169f7766b05c4bb032</string>
				<string>fc2332ab3c75c9bda1440065</string>
			</array>
			<key>buildRules</key>
			<array/>
			<key>dependencies</key>
			<array/>
			<key>isa</key>
			<string>PBXNativeTarget</string>
			<key>name</key>
			<string>CalabashExample-cal</string>
			<key>productName</key>
			<string>CalabashExample-cal</string>
			<key>productReference</key>
			<string>2f018fa36ccfe6afa428468a</string>
			<key>productType</key>
			<string>com.apple.product-type.application</string>
		</dict>
		<key>8c78cf4e24b1ae60844a3ada</key>
		<dict>
			<key>fileRef</key>
			<string>4FA419331794032400A9E540</string>
			<key>isa</key>
			<string>PBXBuildFile</string>
		</dict>
		<key>929db149a71542c6716d042a</key>
		<dict>
			<key>fileEncoding</key>
			<string>4</string>
			<key>isa</key>
			<string>PBXFileReference</string>
			<key>lastKnownFileType</key>
			<string>wrapper.framework</string>
			<key>name</key>
			<string>CFNetwork.framework</string>
			<key>path</key>
			<string>System/Library/Frameworks/CFNetwork.framework</string>
			<key>sourceTree</key>
			<string>SDKROOT</string>
		</dict>
		<key>95846ac0d2c7c8722a60d5e7</key>
		<dict>
			<key>fileRef</key>
			<string>4FA4192D1794032300A9E540</string>
			<key>isa</key>
			<string>PBXBuildFile</string>
		</dict>
		<key>b2d355ef49aaee6287bebe67</key>
		<dict>
			<key>fileRef</key>
			<string>649f365c55c65ca947541a68</string>
			<key>isa</key>
			<string>PBXBuildFile</string>
		</dict>
		<key>b3ccf1652bc9b7dc632d3e7e</key>
		<dict>
			<key>buildConfigurations</key>
			<array>
				<string>462fa2ea230ad111e0ccd3e4</string>
				<string>123065bdea72903e5282c425</string>
			</array>
			<key>defaultConfigurationIsVisible</key>
			<string>0</string>
			<key>isa</key>
			<string>XCConfigurationList</string>
		</dict>
		<key>baabc8169f7766b05c4bb032</key>
		<dict>
			<key>buildActionMask</key>
			<string>2147483647</string>
			<key>files</key>
			<array>
				<string>c9c794e5f7ebb3cb900d3232</string>
				<string>bb229a4ae59aa5991142a57a</string>
				<string>d25943ef3323509a1b8b71b8</string>
				<string>f2c2f1bf341a45bfb94cd2fe</string>
				<string>b2d355ef49aaee6287bebe67</string>
			</array>
			<key>isa</key>
			<string>PBXFrameworksBuildPhase</string>
			<key>runOnlyForDeploymentPostprocessing</key>
			<string>0</string>
		</dict>
		<key>bb229a4ae59aa5991142a57a</key>
		<dict>
			<key>fileRef</key>
			<string>4FA419231794032300A9E540</string>
			<key>isa</key>
			<string>PBXBuildFile</string>
		</dict>
		<key>c1108f88c26f754e548b3ff6</key>
		<dict>
			<key>fileRef</key>
			<string>4FA4193D1794032400A9E540</string>
			<key>isa</key>
			<string>PBXBuildFile</string>
		</dict>
		<key>c9c794e5f7ebb3cb900d3232</key>
		<dict>
			<key>fileRef</key>
			<string>4FA419211794032300A9E540</string>
			<key>isa</key>
			<string>PBXBuildFile</string>
		</dict>
		<key>d25943ef3323509a1b8b71b8</key>
		<dict>
			<key>fileRef</key>
			<string>4FA419251794032300A9E540</string>
			<key>isa</key>
			<string>PBXBuildFile</string>
		</dict>
		<key>d9a32656e2ccb7f58d7ebf54</key>
		<dict>
			<key>buildActionMask</key>
			<string>2147483647</string>
			<key>files</key>
			<array>
				<string>95846ac0d2c7c8722a60d5e7</string>
				<string>85611cf378e06e862864ad0d</string>
				<string>c1108f88c26f754e548b3ff6</string>
			</array>
			<key>isa</key>
			<string>PBXSourcesBuildPhase</string>
			<key>runOnlyForDeploymentPostprocessing</key>
			<string>0</string>
		</dict>
		<key>f2c2f1bf341a45bfb94cd2fe</key>
		<dict>
			<key>fileRef</key>
			<string>929db149a71542c6716d042a</string>
			<key>isa</key>
			<string>PBXBuildFile</string>
		</dict>
		<key>fac816eeb054af692be1200d</key>
		<dict>
			<key>fileRef</key>
			<string>4FA419391794032400A9E540</string>
			<key>isa</key>
			<string>PBXBuildFile</string>
		</dict>
		<key>fc2332ab3c75c9bda1440065</key>
		<dict>
			<key>buildActionMask</key>
			<string>2147483647</string>
			<key>files</key>
			<array>
				<string>30dc4f2f4cd756abbb929f09</string>
				<string>8c78cf4e24b1ae60844a3ada</string>
				<string>340f03dea5d059a87c1a2b86</string>
				<string>7c73866ef06b4668aaac0cf5</string>
				<string>fac816eeb054af692be1200d</string>
			</array>
			<key>isa</key>
			<string>PBXResourcesBuildPhase</string>
			<key>runOnlyForDeploymentPostprocessing</key>
			<string>0</string>
		</dict>
	</dict>
	<key>rootObject</key>
	<string>4FA419161794032300A9E540</string>
</dict>
</plist>
